{
    "_meta": {
        "hash": {
            "sha256": "d1f581763b19994c55249db6677cd47ad6d11107ffaac1a6112370de7346330a"
        },
        "pipfile-spec": 6,
        "requires": {},
        "sources": [
            {
                "name": "pypi",
                "url": "https://pypi.org/simple",
                "verify_ssl": true
            }
        ]
    },
    "default": {},
    "develop": {}
}
